// !$*UTF8*$!
{
	archiveVersion = 1;
	classes = {
	};
	objectVersion = 46;
	objects = {

/* Begin PBXBuildFile section */
		F61E6922157D3F1100239CB1 /* UIKit.framework in Frameworks */ = {isa = PBXBuildFile; fileRef = F61E6921157D3F1100239CB1 /* UIKit.framework */; };
		F61E6924157D3F1100239CB1 /* Foundation.framework in Frameworks */ = {isa = PBXBuildFile; fileRef = F61E6923157D3F1100239CB1 /* Foundation.framework */; };
		F61E6926157D3F1100239CB1 /* CoreGraphics.framework in Frameworks */ = {isa = PBXBuildFile; fileRef = F61E6925157D3F1100239CB1 /* CoreGraphics.framework */; };
		F61E692C157D3F1100239CB1 /* InfoPlist.strings in Resources */ = {isa = PBXBuildFile; fileRef = F61E692A157D3F1100239CB1 /* InfoPlist.strings */; };
		F61E692E157D3F1100239CB1 /* main.m in Sources */ = {isa = PBXBuildFile; fileRef = F61E692D157D3F1100239CB1 /* main.m */; };
		F61E6932157D3F1100239CB1 /* AppDelegate.m in Sources */ = {isa = PBXBuildFile; fileRef = F61E6931157D3F1100239CB1 /* AppDelegate.m */; };
		F61E6935157D3F1100239CB1 /* ViewController.m in Sources */ = {isa = PBXBuildFile; fileRef = F61E6934157D3F1100239CB1 /* ViewController.m */; };
		F61E6938157D3F1100239CB1 /* ViewController.xib in Resources */ = {isa = PBXBuildFile; fileRef = F61E6936157D3F1100239CB1 /* ViewController.xib */; };
/* End PBXBuildFile section */

/* Begin PBXFileReference section */
		F61E691D157D3F1100239CB1 /* ServerMarket.app */ = {isa = PBXFileReference; explicitFileType = wrapper.application; includeInIndex = 0; path = ServerMarket.app; sourceTree = BUILT_PRODUCTS_DIR; };
		F61E6921157D3F1100239CB1 /* UIKit.framework */ = {isa = PBXFileReference; lastKnownFileType = wrapper.framework; name = UIKit.framework; path = System/Library/Frameworks/UIKit.framework; sourceTree = SDKROOT; };
		F61E6923157D3F1100239CB1 /* Foundation.framework */ = {isa = PBXFileReference; lastKnownFileType = wrapper.framework; name = Foundation.framework; path = System/Library/Frameworks/Foundation.framework; sourceTree = SDKROOT; };
		F61E6925157D3F1100239CB1 /* CoreGraphics.framework */ = {isa = PBXFileReference; lastKnownFileType = wrapper.framework; name = CoreGraphics.framework; path = System/Library/Frameworks/CoreGraphics.framework; sourceTree = SDKROOT; };
		F61E6929157D3F1100239CB1 /* ServerMarket-Info.plist */ = {isa = PBXFileReference; path = "ServerMarket-Info.plist"; sourceTree = "<group>"; };
		F61E692B157D3F1100239CB1 /* en */ = {isa = PBXFileReference; lastKnownFileType = text.plist.strings; name = en; path = en.lproj/InfoPlist.strings; sourceTree = "<group>"; };
		F61E692D157D3F1100239CB1 /* main.m */ = {isa = PBXFileReference; lastKnownFileType = sourcecode.c.objc; path = main.m; sourceTree = "<group>"; };
		F61E692F157D3F1100239CB1 /* ServerMarket-Prefix.pch */ = {isa = PBXFileReference; path = "ServerMarket-Prefix.pch"; sourceTree = "<group>"; };
		F61E6930157D3F1100239CB1 /* AppDelegate.h */ = {isa = PBXFileReference; path = AppDelegate.h; sourceTree = "<group>"; };
		F61E6931157D3F1100239CB1 /* AppDelegate.m */ = {isa = PBXFileReference; lastKnownFileType = sourcecode.c.objc; path = AppDelegate.m; sourceTree = "<group>"; };
		F61E6933157D3F1100239CB1 /* ViewController.h */ = {isa = PBXFileReference; path = ViewController.h; sourceTree = "<group>"; };
		F61E6934157D3F1100239CB1 /* ViewController.m */ = {isa = PBXFileReference; lastKnownFileType = sourcecode.c.objc; path = ViewController.m; sourceTree = "<group>"; };
		F61E6937157D3F1100239CB1 /* en */ = {isa = PBXFileReference; lastKnownFileType = file.xib; name = en; path = en.lproj/ViewController.xib; sourceTree = "<group>"; };
/* End PBXFileReference section */

/* Begin PBXFrameworksBuildPhase section */
		F61E691A157D3F1100239CB1 /* Frameworks */ = {
			isa = PBXFrameworksBuildPhase;
			buildActionMask = 2147483647;
			files = (
				F61E6922157D3F1100239CB1 /* UIKit.framework in Frameworks */,
				F61E6924157D3F1100239CB1 /* Foundation.framework in Frameworks */,
				F61E6926157D3F1100239CB1 /* CoreGraphics.framework in Frameworks */,
			);
			runOnlyForDeploymentPostprocessing = 0;
		};
/* End PBXFrameworksBuildPhase section */

/* Begin PBXGroup section */
		F61E6912157D3F1000239CB1 = {
			isa = PBXGroup;
			children = (
				F61E6927157D3F1100239CB1 /* ServerMarket */,
				F61E6920157D3F1100239CB1 /* Frameworks */,
				F61E691E157D3F1100239CB1 /* Products */,
			);
			sourceTree = "<group>";
		};
		F61E691E157D3F1100239CB1 /* Products */ = {
			isa = PBXGroup;
			children = (
				F61E691D157D3F1100239CB1 /* ServerMarket.app */,
			);
			name = Products;
			sourceTree = "<group>";
		};
		F61E6920157D3F1100239CB1 /* Frameworks */ = {
			isa = PBXGroup;
			children = (
				F61E6921157D3F1100239CB1 /* UIKit.framework */,
				F61E6923157D3F1100239CB1 /* Foundation.framework */,
				F61E6925157D3F1100239CB1 /* CoreGraphics.framework */,
			);
			name = Frameworks;
			sourceTree = "<group>";
		};
		F61E6927157D3F1100239CB1 /* ServerMarket */ = {
			isa = PBXGroup;
			children = (
				F61E6930157D3F1100239CB1 /* AppDelegate.h */,
				F61E6931157D3F1100239CB1 /* AppDelegate.m */,
				F61E6933157D3F1100239CB1 /* ViewController.h */,
				F61E6934157D3F1100239CB1 /* ViewController.m */,
				F61E6936157D3F1100239CB1 /* ViewController.xib */,
				F61E6928157D3F1100239CB1 /* Supporting Files */,
			);
			path = ServerMarket;
			sourceTree = "<group>";
		};
		F61E6928157D3F1100239CB1 /* Supporting Files */ = {
			isa = PBXGroup;
			children = (
				F61E6929157D3F1100239CB1 /* ServerMarket-Info.plist */,
				F61E692A157D3F1100239CB1 /* InfoPlist.strings */,
				F61E692D157D3F1100239CB1 /* main.m */,
				F61E692F157D3F1100239CB1 /* ServerMarket-Prefix.pch */,
			);
			name = "Supporting Files";
			sourceTree = "<group>";
		};
/* End PBXGroup section */

/* Begin PBXNativeTarget section */
		F61E691C157D3F1100239CB1 /* ServerMarket */ = {
			isa = PBXNativeTarget;
			buildConfigurationList = F61E693B157D3F1100239CB1 /* Build configuration list for PBXNativeTarget "ServerMarket" */;
			buildPhases = (
				F61E6919157D3F1100239CB1 /* Sources */,
				F61E691A157D3F1100239CB1 /* Frameworks */,
				F61E691B157D3F1100239CB1 /* Resources */,
			);
			buildRules = (
			);
			dependencies = (
			);
			name = ServerMarket;
			productName = ServerMarket;
			productReference = F61E691D157D3F1100239CB1 /* ServerMarket.app */;
			productType = "com.apple.product-type.application";
		};
/* End PBXNativeTarget section */

/* Begin PBXProject section */
		F61E6914157D3F1000239CB1 /* Project object */ = {
			isa = PBXProject;
			attributes = {
				LastUpgradeCheck = 0430;
				ORGANIZATIONNAME = "Tobias Bischoff";
			};
			buildConfigurationList = F61E6917157D3F1000239CB1 /* Build configuration list for PBXProject "ServerMarket" */;
			compatibilityVersion = "Xcode 3.2";
			developmentRegion = English;
			hasScannedForEncodings = 0;
			knownRegions = (
				en,
			);
			mainGroup = F61E6912157D3F1000239CB1;
			productRefGroup = F61E691E157D3F1100239CB1 /* Products */;
			projectDirPath = "";
			projectRoot = "";
			targets = (
				F61E691C157D3F1100239CB1 /* ServerMarket */,
			);
		};
/* End PBXProject section */

/* Begin PBXResourcesBuildPhase section */
		F61E691B157D3F1100239CB1 /* Resources */ = {
			isa = PBXResourcesBuildPhase;
			buildActionMask = 2147483647;
			files = (
				F61E692C157D3F1100239CB1 /* InfoPlist.strings in Resources */,
				F61E6938157D3F1100239CB1 /* ViewController.xib in Resources */,
			);
			runOnlyForDeploymentPostprocessing = 0;
		};
/* End PBXResourcesBuildPhase section */

/* Begin PBXSourcesBuildPhase section */
		F61E6919157D3F1100239CB1 /* Sources */ = {
			isa = PBXSourcesBuildPhase;
			buildActionMask = 2147483647;
			files = (
				F61E692E157D3F1100239CB1 /* main.m in Sources */,
				F61E6932157D3F1100239CB1 /* AppDelegate.m in Sources */,
				F61E6935157D3F1100239CB1 /* ViewController.m in Sources */,
			);
			runOnlyForDeploymentPostprocessing = 0;
		};
/* End PBXSourcesBuildPhase section */

/* Begin PBXVariantGroup section */
		F61E692A157D3F1100239CB1 /* InfoPlist.strings */ = {
			isa = PBXVariantGroup;
			children = (
				F61E692B157D3F1100239CB1 /* en */,
			);
			name = InfoPlist.strings;
			sourceTree = "<group>";
		};
		F61E6936157D3F1100239CB1 /* ViewController.xib */ = {
			isa = PBXVariantGroup;
			children = (
				F61E6937157D3F1100239CB1 /* en */,
			);
			name = ViewController.xib;
			sourceTree = "<group>";
		};
/* End PBXVariantGroup section */

/* Begin XCBuildConfiguration section */
		F61E6939157D3F1100239CB1 /* Debug */ = {
			isa = XCBuildConfiguration;
			buildSettings = {
				ALWAYS_SEARCH_USER_PATHS = NO;
				ARCHS = "$(ARCHS_STANDARD_32_BIT)";
				CLANG_ENABLE_OBJC_ARC = YES;
				"CODE_SIGN_IDENTITY[sdk=iphoneos*]" = "iPhone Developer";
				COPY_PHASE_STRIP = NO;
				GCC_C_LANGUAGE_STANDARD = gnu99;
				GCC_DYNAMIC_NO_PIC = NO;
				GCC_OPTIMIZATION_LEVEL = 0;
				GCC_PREPROCESSOR_DEFINITIONS = (
					"DEBUG=1",
					"$(inherited)",
				);
				GCC_SYMBOLS_PRIVATE_EXTERN = NO;
				GCC_VERSION = com.apple.compilers.llvm.clang.1_0;
				GCC_WARN_ABOUT_RETURN_TYPE = YES;
				GCC_WARN_UNINITIALIZED_AUTOS = YES;
				GCC_WARN_UNUSED_VARIABLE = YES;
				IPHONEOS_DEPLOYMENT_TARGET = 5.1;
				SDKROOT = iphoneos;
			};
			name = Debug;
		};
		F61E693A157D3F1100239CB1 /* Release */ = {
			isa = XCBuildConfiguration;
			buildSettings = {
				ALWAYS_SEARCH_USER_PATHS = NO;
				ARCHS = "$(ARCHS_STANDARD_32_BIT)";
				CLANG_ENABLE_OBJC_ARC = YES;
				"CODE_SIGN_IDENTITY[sdk=iphoneos*]" = "iPhone Developer";
				COPY_PHASE_STRIP = YES;
				GCC_C_LANGUAGE_STANDARD = gnu99;
				GCC_VERSION = com.apple.compilers.llvm.clang.1_0;
				GCC_WARN_ABOUT_RETURN_TYPE = YES;
				GCC_WARN_UNINITIALIZED_AUTOS = YES;
				GCC_WARN_UNUSED_VARIABLE = YES;
				IPHONEOS_DEPLOYMENT_TARGET = 5.1;
				OTHER_CFLAGS = "-DNS_BLOCK_ASSERTIONS=1";
				SDKROOT = iphoneos;
				VALIDATE_PRODUCT = YES;
			};
			name = Release;
		};
		F61E693C157D3F1100239CB1 /* Debug */ = {
			isa = XCBuildConfiguration;
			buildSettings = {
				GCC_PRECOMPILE_PREFIX_HEADER = YES;
				GCC_PREFIX_HEADER = "ServerMarket/ServerMarket-Prefix.pch";
				INFOPLIST_FILE = "ServerMarket/ServerMarket-Info.plist";
				PRODUCT_NAME = "$(TARGET_NAME)";
				WRAPPER_EXTENSION = app;
			};
			name = Debug;
		};
		F61E693D157D3F1100239CB1 /* Release */ = {
			isa = XCBuildConfiguration;
			buildSettings = {
				GCC_PRECOMPILE_PREFIX_HEADER = YES;
				GCC_PREFIX_HEADER = "ServerMarket/ServerMarket-Prefix.pch";
				INFOPLIST_FILE = "ServerMarket/ServerMarket-Info.plist";
				PRODUCT_NAME = "$(TARGET_NAME)";
				WRAPPER_EXTENSION = app;
			};
			name = Release;
		};
/* End XCBuildConfiguration section */

/* Begin XCConfigurationList section */
		F61E6917157D3F1000239CB1 /* Build configuration list for PBXProject "ServerMarket" */ = {
			isa = XCConfigurationList;
			buildConfigurations = (
				F61E6939157D3F1100239CB1 /* Debug */,
				F61E693A157D3F1100239CB1 /* Release */,
			);
			defaultConfigurationIsVisible = 0;
			defaultConfigurationName = Release;
		};
		F61E693B157D3F1100239CB1 /* Build configuration list for PBXNativeTarget "ServerMarket" */ = {
			isa = XCConfigurationList;
			buildConfigurations = (
				F61E693C157D3F1100239CB1 /* Debug */,
				F61E693D157D3F1100239CB1 /* Release */,
			);
			defaultConfigurationIsVisible = 0;
		};
/* End XCConfigurationList section */
	};
	rootObject = F61E6914157D3F1000239CB1 /* Project object */;
}
